
Microsoft Visual Studio Solution File, Format Version 12.00
# Visual Studio Version 16
VisualStudioVersion = 16.0.30503.244
MinimumVisualStudioVersion = 10.0.40219.1
Project("{FAE04EC0-301F-11D3-BF4B-00C04F79EFBC}") = "MedicineTrackingSystem", "MedicineTrackingSystem\MedicineTrackingSystem.csproj", "{7FF85B9B-80E2-4FE5-9E85-294C2C62750A}"
EndProject
Project("{FAE04EC0-301F-11D3-BF4B-00C04F79EFBC}") = "MedicineTrackingSystem.Tests", "MedicineTrackingSystem.Tests\MedicineTrackingSystem.Tests.csproj", "{CEA3514D-49E5-4C7F-942B-455E66F1035E}"
EndProject
Global
	GlobalSection(SolutionConfigurationPlatforms) = preSolution
		Debug|Any CPU = Debug|Any CPU
		Release|Any CPU = Release|Any CPU
	EndGlobalSection
	GlobalSection(ProjectConfigurationPlatforms) = postSolution
		{7FF85B9B-80E2-4FE5-9E85-294C2C62750A}.Debug|Any CPU.ActiveCfg = Debug|Any CPU
		{7FF85B9B-80E2-4FE5-9E85-294C2C62750A}.Debug|Any CPU.Build.0 = Debug|Any CPU
		{7FF85B9B-80E2-4FE5-9E85-294C2C62750A}.Release|Any CPU.ActiveCfg = Release|Any CPU
		{7FF85B9B-80E2-4FE5-9E85-294C2C62750A}.Release|Any CPU.Build.0 = Release|Any CPU
		{CEA3514D-49E5-4C7F-942B-455E66F1035E}.Debug|Any CPU.ActiveCfg = Debug|Any CPU
		{CEA3514D-49E5-4C7F-942B-455E66F1035E}.Debug|Any CPU.Build.0 = Debug|Any CPU
		{CEA3514D-49E5-4C7F-942B-455E66F1035E}.Release|Any CPU.ActiveCfg = Release|Any CPU
		{CEA3514D-49E5-4C7F-942B-455E66F1035E}.Release|Any CPU.Build.0 = Release|Any CPU
	EndGlobalSection
	GlobalSection(SolutionProperties) = preSolution
		HideSolutionNode = FALSE
	EndGlobalSection
	GlobalSection(ExtensibilityGlobals) = postSolution
		SolutionGuid = {1E4A12E4-5DAA-4512-B421-7CD0EEBE17FB}
	EndGlobalSection
EndGlobal
